
Microsoft Visual Studio Solution File, Format Version 12.00
# Visual Studio Version 16
VisualStudioVersion = 16.0.31402.337
MinimumVisualStudioVersion = 10.0.40219.1
Project("{FAE04EC0-301F-11D3-BF4B-00C04F79EFBC}") = "SnachPat", "SnachPat\SnachPat.csproj", "{3E4B864A-6F35-4E43-9922-23AB12D9D4BB}"
EndProject
Global
	GlobalSection(SolutionConfigurationPlatforms) = preSolution
		Debug|Any CPU = Debug|Any CPU
		Release|Any CPU = Release|Any CPU
	EndGlobalSection
	GlobalSection(ProjectConfigurationPlatforms) = postSolution
		{3E4B864A-6F35-4E43-9922-23AB12D9D4BB}.Debug|Any CPU.ActiveCfg = Debug|Any CPU
		{3E4B864A-6F35-4E43-9922-23AB12D9D4BB}.Debug|Any CPU.Build.0 = Debug|Any CPU
		{3E4B864A-6F35-4E43-9922-23AB12D9D4BB}.Release|Any CPU.ActiveCfg = Release|Any CPU
		{3E4B864A-6F35-4E43-9922-23AB12D9D4BB}.Release|Any CPU.Build.0 = Release|Any CPU
	EndGlobalSection
	GlobalSection(SolutionProperties) = preSolution
		HideSolutionNode = FALSE
	EndGlobalSection
	GlobalSection(ExtensibilityGlobals) = postSolution
		SolutionGuid = {1A4021F9-A4E2-43D3-84BF-7DCA68B389D3}
	EndGlobalSection
EndGlobal
